Microsoft Visual Studio Solution File, Format Version 12.00
# Visual Studio Version 16
VisualStudioVersion = 16.0.30413.136
MinimumVisualStudioVersion = 10.0.40219.1
Project("{9A19103F-16F7-4668-BE54-9A1E7A4F7556}") = "FormulaEvaluator", "FormulaEvaluator\FormulaEvaluator.csproj", "{F6EDAEEE-B905-458D-9B2F-970FD5A7A976}"
EndProject
Project("{9A19103F-16F7-4668-BE54-9A1E7A4F7556}") = "EvaluatorUnitTests", "EvaluatorUnitTests\EvaluatorUnitTests.csproj", "{BA9219E3-CFD7-4A12-9D8B-F5BF31F62FF1}"
EndProject
Project("{9A19103F-16F7-4668-BE54-9A1E7A4F7556}") = "DependencyGraph", "DependencyGraph\DependencyGraph.csproj", "{72A7B482-5378-461C-BA6D-DCEC2E88D1E4}"
EndProject
Project("{9A19103F-16F7-4668-BE54-9A1E7A4F7556}") = "DependencyGraphTests", "DependencyGraphTests\DependencyGraphTests.csproj", "{7960650E-95BD-42E7-AB24-678B6F3EC55E}"
EndProject
Project("{9A19103F-16F7-4668-BE54-9A1E7A4F7556}") = "Formula", "Formula\Formula.csproj", "{398DFCF0-7870-4A27-94C8-45C14926BE9E}"
EndProject
Project("{9A19103F-16F7-4668-BE54-9A1E7A4F7556}") = "FormulaTests", "FormulaTests\FormulaTests.csproj", "{6E1692B6-329D-48A7-B07B-4716E7606075}"
EndProject
Project("{9A19103F-16F7-4668-BE54-9A1E7A4F7556}") = "Spreadsheet", "Spreadsheet\Spreadsheet.csproj", "{9AEE31E3-9C05-4CE2-B05D-728BF392DFDB}"
EndProject
Project("{9A19103F-16F7-4668-BE54-9A1E7A4F7556}") = "SpreadsheetTests", "SpreadsheetTests\SpreadsheetTests.csproj", "{39D39262-867C-4B5E-8F12-32D40CD2D74F}"
EndProject
Project("{FAE04EC0-301F-11D3-BF4B-00C04F79EFBC}") = "SpreadsheetGUI", "SpreadsheetGUI\SpreadsheetGUI.csproj", "{45185A0F-8F18-4B1A-8A51-F572DB807E78}"
EndProject
Project("{FAE04EC0-301F-11D3-BF4B-00C04F79EFBC}") = "SpreadsheetPanel", "SpreadsheetPanel\SpreadsheetPanel.csproj", "{FA926045-E690-4824-845C-EB76882747DB}"
	ProjectSection(ProjectDependencies) = postProject
		{D522F7A9-B369-422E-AEDA-FBC716C2DE4F} = {D522F7A9-B369-422E-AEDA-FBC716C2DE4F}
	EndProjectSection
EndProject
Project("{2150E333-8FDC-42A3-9474-1A3956D46DE8}") = "Solution Items", "Solution Items", "{99739C3B-4804-4DA3-8EE6-3C8DB7E64F3E}"
	ProjectSection(SolutionItems) = preProject
		README.txt = README.txt
	EndProjectSection
EndProject
Project("{9A19103F-16F7-4668-BE54-9A1E7A4F7556}") = "NetworkController", "NetworkController\NetworkController.csproj", "{D522F7A9-B369-422E-AEDA-FBC716C2DE4F}"
EndProject
Project("{FAE04EC0-301F-11D3-BF4B-00C04F79EFBC}") = "SpreadsheetModel", "SpreadsheetModel\SpreadsheetModel.csproj", "{D6A7E256-200B-424C-A408-5FA620EB3C84}"
EndProject
Global
	GlobalSection(SolutionConfigurationPlatforms) = preSolution
		Debug|Any CPU = Debug|Any CPU
		Release|Any CPU = Release|Any CPU
	EndGlobalSection
	GlobalSection(ProjectConfigurationPlatforms) = postSolution
		{F6EDAEEE-B905-458D-9B2F-970FD5A7A976}.Debug|Any CPU.ActiveCfg = Debug|Any CPU
		{F6EDAEEE-B905-458D-9B2F-970FD5A7A976}.Debug|Any CPU.Build.0 = Debug|Any CPU
		{F6EDAEEE-B905-458D-9B2F-970FD5A7A976}.Release|Any CPU.ActiveCfg = Release|Any CPU
		{F6EDAEEE-B905-458D-9B2F-970FD5A7A976}.Release|Any CPU.Build.0 = Release|Any CPU
		{BA9219E3-CFD7-4A12-9D8B-F5BF31F62FF1}.Debug|Any CPU.ActiveCfg = Debug|Any CPU
		{BA9219E3-CFD7-4A12-9D8B-F5BF31F62FF1}.Debug|Any CPU.Build.0 = Debug|Any CPU
		{BA9219E3-CFD7-4A12-9D8B-F5BF31F62FF1}.Release|Any CPU.ActiveCfg = Release|Any CPU
		{BA9219E3-CFD7-4A12-9D8B-F5BF31F62FF1}.Release|Any CPU.Build.0 = Release|Any CPU
		{72A7B482-5378-461C-BA6D-DCEC2E88D1E4}.Debug|Any CPU.ActiveCfg = Debug|Any CPU
		{72A7B482-5378-461C-BA6D-DCEC2E88D1E4}.Debug|Any CPU.Build.0 = Debug|Any CPU
		{72A7B482-5378-461C-BA6D-DCEC2E88D1E4}.Release|Any CPU.ActiveCfg = Release|Any CPU
		{72A7B482-5378-461C-BA6D-DCEC2E88D1E4}.Release|Any CPU.Build.0 = Release|Any CPU
		{7960650E-95BD-42E7-AB24-678B6F3EC55E}.Debug|Any CPU.ActiveCfg = Debug|Any CPU
		{7960650E-95BD-42E7-AB24-678B6F3EC55E}.Debug|Any CPU.Build.0 = Debug|Any CPU
		{7960650E-95BD-42E7-AB24-678B6F3EC55E}.Release|Any CPU.ActiveCfg = Release|Any CPU
		{7960650E-95BD-42E7-AB24-678B6F3EC55E}.Release|Any CPU.Build.0 = Release|Any CPU
		{398DFCF0-7870-4A27-94C8-45C14926BE9E}.Debug|Any CPU.ActiveCfg = Debug|Any CPU
		{398DFCF0-7870-4A27-94C8-45C14926BE9E}.Debug|Any CPU.Build.0 = Debug|Any CPU
		{398DFCF0-7870-4A27-94C8-45C14926BE9E}.Release|Any CPU.ActiveCfg = Release|Any CPU
		{398DFCF0-7870-4A27-94C8-45C14926BE9E}.Release|Any CPU.Build.0 = Release|Any CPU
		{6E1692B6-329D-48A7-B07B-4716E7606075}.Debug|Any CPU.ActiveCfg = Debug|Any CPU
		{6E1692B6-329D-48A7-B07B-4716E7606075}.Debug|Any CPU.Build.0 = Debug|Any CPU
		{6E1692B6-329D-48A7-B07B-4716E7606075}.Release|Any CPU.ActiveCfg = Release|Any CPU
		{6E1692B6-329D-48A7-B07B-4716E7606075}.Release|Any CPU.Build.0 = Release|Any CPU
		{9AEE31E3-9C05-4CE2-B05D-728BF392DFDB}.Debug|Any CPU.ActiveCfg = Debug|Any CPU
		{9AEE31E3-9C05-4CE2-B05D-728BF392DFDB}.Debug|Any CPU.Build.0 = Debug|Any CPU
		{9AEE31E3-9C05-4CE2-B05D-728BF392DFDB}.Release|Any CPU.ActiveCfg = Release|Any CPU
		{9AEE31E3-9C05-4CE2-B05D-728BF392DFDB}.Release|Any CPU.Build.0 = Release|Any CPU
		{39D39262-867C-4B5E-8F12-32D40CD2D74F}.Debug|Any CPU.ActiveCfg = Debug|Any CPU
		{39D39262-867C-4B5E-8F12-32D40CD2D74F}.Debug|Any CPU.Build.0 = Debug|Any CPU
		{39D39262-867C-4B5E-8F12-32D40CD2D74F}.Release|Any CPU.ActiveCfg = Release|Any CPU
		{39D39262-867C-4B5E-8F12-32D40CD2D74F}.Release|Any CPU.Build.0 = Release|Any CPU
		{45185A0F-8F18-4B1A-8A51-F572DB807E78}.Debug|Any CPU.ActiveCfg = Debug|Any CPU
		{45185A0F-8F18-4B1A-8A51-F572DB807E78}.Debug|Any CPU.Build.0 = Debug|Any CPU
		{45185A0F-8F18-4B1A-8A51-F572DB807E78}.Release|Any CPU.ActiveCfg = Release|Any CPU
		{45185A0F-8F18-4B1A-8A51-F572DB807E78}.Release|Any CPU.Build.0 = Release|Any CPU
		{FA926045-E690-4824-845C-EB76882747DB}.Debug|Any CPU.ActiveCfg = Debug|Any CPU
		{FA926045-E690-4824-845C-EB76882747DB}.Debug|Any CPU.Build.0 = Debug|Any CPU
		{FA926045-E690-4824-845C-EB76882747DB}.Release|Any CPU.ActiveCfg = Release|Any CPU
		{FA926045-E690-4824-845C-EB76882747DB}.Release|Any CPU.Build.0 = Release|Any CPU
		{D522F7A9-B369-422E-AEDA-FBC716C2DE4F}.Debug|Any CPU.ActiveCfg = Debug|Any CPU
		{D522F7A9-B369-422E-AEDA-FBC716C2DE4F}.Debug|Any CPU.Build.0 = Debug|Any CPU
		{D522F7A9-B369-422E-AEDA-FBC716C2DE4F}.Release|Any CPU.ActiveCfg = Release|Any CPU
		{D522F7A9-B369-422E-AEDA-FBC716C2DE4F}.Release|Any CPU.Build.0 = Release|Any CPU
		{D6A7E256-200B-424C-A408-5FA620EB3C84}.Debug|Any CPU.ActiveCfg = Debug|Any CPU
		{D6A7E256-200B-424C-A408-5FA620EB3C84}.Debug|Any CPU.Build.0 = Debug|Any CPU
		{D6A7E256-200B-424C-A408-5FA620EB3C84}.Release|Any CPU.ActiveCfg = Release|Any CPU
		{D6A7E256-200B-424C-A408-5FA620EB3C84}.Release|Any CPU.Build.0 = Release|Any CPU
	EndGlobalSection
	GlobalSection(SolutionProperties) = preSolution
		HideSolutionNode = FALSE
	EndGlobalSection
	GlobalSection(ExtensibilityGlobals) = postSolution
		SolutionGuid = {73C9D1FF-EEB8-4217-9A9A-A593AD3FA384}
	EndGlobalSection
EndGlobal
